
Microsoft Visual Studio Solution File, Format Version 12.00
# Visual Studio Version 16
VisualStudioVersion = 16.0.31424.327
MinimumVisualStudioVersion = 10.0.40219.1
Project("{FAE04EC0-301F-11D3-BF4B-00C04F79EFBC}") = "SSU.FLTT", "SSU.FLTT\SSU.FLTT.csproj", "{EF326027-B03C-47AA-BD51-8DEDFEA583AB}"
EndProject
Global
	GlobalSection(SolutionConfigurationPlatforms) = preSolution
		Debug|Any CPU = Debug|Any CPU
		Release|Any CPU = Release|Any CPU
	EndGlobalSection
	GlobalSection(ProjectConfigurationPlatforms) = postSolution
		{EF326027-B03C-47AA-BD51-8DEDFEA583AB}.Debug|Any CPU.ActiveCfg = Debug|Any CPU
		{EF326027-B03C-47AA-BD51-8DEDFEA583AB}.Debug|Any CPU.Build.0 = Debug|Any CPU
		{EF326027-B03C-47AA-BD51-8DEDFEA583AB}.Release|Any CPU.ActiveCfg = Release|Any CPU
		{EF326027-B03C-47AA-BD51-8DEDFEA583AB}.Release|Any CPU.Build.0 = Release|Any CPU
	EndGlobalSection
	GlobalSection(SolutionProperties) = preSolution
		HideSolutionNode = FALSE
	EndGlobalSection
	GlobalSection(ExtensibilityGlobals) = postSolution
		SolutionGuid = {F641D2D4-0E92-4075-9AA6-32C22BE9161D}
	EndGlobalSection
EndGlobal
